
Microsoft Visual Studio Solution File, Format Version 12.00
# Visual Studio Version 16
VisualStudioVersion = 16.0.31205.134
MinimumVisualStudioVersion = 10.0.40219.1
Project("{9A19103F-16F7-4668-BE54-9A1E7A4F7556}") = "TrayCorpChallenge.Domain", "src\TrayCorpChallenge.Domain\TrayCorpChallenge.Domain.csproj", "{82B67605-A94A-4608-A442-4F30FBB5C06A}"
EndProject
Project("{9A19103F-16F7-4668-BE54-9A1E7A4F7556}") = "TrayCorpChallenge.Shared", "src\TrayCorpChallenge.Shared\TrayCorpChallenge.Shared.csproj", "{A0B3B88D-D16B-4B09-8882-CD1DF80038B4}"
EndProject
Project("{9A19103F-16F7-4668-BE54-9A1E7A4F7556}") = "TrayCorpChallenge.Test", "src\TrayCorpChallenge.Test\TrayCorpChallenge.Test.csproj", "{E4285B3C-BB2E-4DBF-9039-AE3057D56682}"
EndProject
Project("{FAE04EC0-301F-11D3-BF4B-00C04F79EFBC}") = "TrayCorpChallenge.Domain.Service", "src\TrayCorpChallenge.Domain.Service\TrayCorpChallenge.Domain.Service.csproj", "{8B612068-93A7-4B59-98D4-15C2AEE83D98}"
EndProject
Project("{FAE04EC0-301F-11D3-BF4B-00C04F79EFBC}") = "TrayCorpChallenge.DataAcess", "src\TrayCorpChallenge.DataAcess\TrayCorpChallenge.DataAcess.csproj", "{8A8D114E-B2C6-477E-96A4-805FD4DF9BF6}"
EndProject
Project("{FAE04EC0-301F-11D3-BF4B-00C04F79EFBC}") = "TrayCorpChallenge.API", "src\TrayCorpChallenge.API\TrayCorpChallenge.API.csproj", "{35B3FFC5-D9EC-43D0-919C-55920FC8FBA5}"
EndProject
Global
	GlobalSection(SolutionConfigurationPlatforms) = preSolution
		Debug|Any CPU = Debug|Any CPU
		Release|Any CPU = Release|Any CPU
	EndGlobalSection
	GlobalSection(ProjectConfigurationPlatforms) = postSolution
		{82B67605-A94A-4608-A442-4F30FBB5C06A}.Debug|Any CPU.ActiveCfg = Debug|Any CPU
		{82B67605-A94A-4608-A442-4F30FBB5C06A}.Debug|Any CPU.Build.0 = Debug|Any CPU
		{82B67605-A94A-4608-A442-4F30FBB5C06A}.Release|Any CPU.ActiveCfg = Release|Any CPU
		{82B67605-A94A-4608-A442-4F30FBB5C06A}.Release|Any CPU.Build.0 = Release|Any CPU
		{A0B3B88D-D16B-4B09-8882-CD1DF80038B4}.Debug|Any CPU.ActiveCfg = Debug|Any CPU
		{A0B3B88D-D16B-4B09-8882-CD1DF80038B4}.Debug|Any CPU.Build.0 = Debug|Any CPU
		{A0B3B88D-D16B-4B09-8882-CD1DF80038B4}.Release|Any CPU.ActiveCfg = Release|Any CPU
		{A0B3B88D-D16B-4B09-8882-CD1DF80038B4}.Release|Any CPU.Build.0 = Release|Any CPU
		{E4285B3C-BB2E-4DBF-9039-AE3057D56682}.Debug|Any CPU.ActiveCfg = Debug|Any CPU
		{E4285B3C-BB2E-4DBF-9039-AE3057D56682}.Debug|Any CPU.Build.0 = Debug|Any CPU
		{E4285B3C-BB2E-4DBF-9039-AE3057D56682}.Release|Any CPU.ActiveCfg = Release|Any CPU
		{E4285B3C-BB2E-4DBF-9039-AE3057D56682}.Release|Any CPU.Build.0 = Release|Any CPU
		{8B612068-93A7-4B59-98D4-15C2AEE83D98}.Debug|Any CPU.ActiveCfg = Debug|Any CPU
		{8B612068-93A7-4B59-98D4-15C2AEE83D98}.Debug|Any CPU.Build.0 = Debug|Any CPU
		{8B612068-93A7-4B59-98D4-15C2AEE83D98}.Release|Any CPU.ActiveCfg = Release|Any CPU
		{8B612068-93A7-4B59-98D4-15C2AEE83D98}.Release|Any CPU.Build.0 = Release|Any CPU
		{8A8D114E-B2C6-477E-96A4-805FD4DF9BF6}.Debug|Any CPU.ActiveCfg = Debug|Any CPU
		{8A8D114E-B2C6-477E-96A4-805FD4DF9BF6}.Debug|Any CPU.Build.0 = Debug|Any CPU
		{8A8D114E-B2C6-477E-96A4-805FD4DF9BF6}.Release|Any CPU.ActiveCfg = Release|Any CPU
		{8A8D114E-B2C6-477E-96A4-805FD4DF9BF6}.Release|Any CPU.Build.0 = Release|Any CPU
		{35B3FFC5-D9EC-43D0-919C-55920FC8FBA5}.Debug|Any CPU.ActiveCfg = Debug|Any CPU
		{35B3FFC5-D9EC-43D0-919C-55920FC8FBA5}.Debug|Any CPU.Build.0 = Debug|Any CPU
		{35B3FFC5-D9EC-43D0-919C-55920FC8FBA5}.Release|Any CPU.ActiveCfg = Release|Any CPU
		{35B3FFC5-D9EC-43D0-919C-55920FC8FBA5}.Release|Any CPU.Build.0 = Release|Any CPU
	EndGlobalSection
	GlobalSection(SolutionProperties) = preSolution
		HideSolutionNode = FALSE
	EndGlobalSection
	GlobalSection(ExtensibilityGlobals) = postSolution
		SolutionGuid = {82ACB08E-117E-4344-AA7D-AB27913B01A4}
	EndGlobalSection
EndGlobal
